// !$*UTF8*$!
{
	archiveVersion = 1;
	classes = {
	};
	objectVersion = 50;
	objects = {

/* Begin PBXBuildFile section */
		7AC61CAB2229AB1500B14F95 /* AppDelegate.swift in Sources */ = {isa = PBXBuildFile; fileRef = 7AC61CAA2229AB1500B14F95 /* AppDelegate.swift */; };
		7AC61CAD2229AB1500B14F95 /* ViewController.swift in Sources */ = {isa = PBXBuildFile; fileRef = 7AC61CAC2229AB1500B14F95 /* ViewController.swift */; };
		7AC61CB02229AB1500B14F95 /* Main.storyboard in Resources */ = {isa = PBXBuildFile; fileRef = 7AC61CAE2229AB1500B14F95 /* Main.storyboard */; };
		7AC61CB22229AB1700B14F95 /* Assets.xcassets in Resources */ = {isa = PBXBuildFile; fileRef = 7AC61CB12229AB1700B14F95 /* Assets.xcassets */; };
		7AC61CB52229AB1700B14F95 /* LaunchScreen.storyboard in Resources */ = {isa = PBXBuildFile; fileRef = 7AC61CB32229AB1700B14F95 /* LaunchScreen.storyboard */; };
		7AC61CC42229C8B400B14F95 /* httpUpload.swift in Sources */ = {isa = PBXBuildFile; fileRef = 7AC61CC32229C8B300B14F95 /* httpUpload.swift */; };
		7AC61CC62229C8BF00B14F95 /* awsUpload.swift in Sources */ = {isa = PBXBuildFile; fileRef = 7AC61CC52229C8BF00B14F95 /* awsUpload.swift */; };
		AEDEEEE355433113DA96EE5E /* Pods_s3upload.framework in Frameworks */ = {isa = PBXBuildFile; fileRef = C05606A76A4A5E72870076A6 /* Pods_s3upload.framework */; };
/* End PBXBuildFile section */

/* Begin PBXFileReference section */
		2564D6FB094B379287F74B80 /* Pods-s3upload.debug.xcconfig */ = {isa = PBXFileReference; includeInIndex = 1; lastKnownFileType = text.xcconfig; name = "Pods-s3upload.debug.xcconfig"; path = "Target Support Files/Pods-s3upload/Pods-s3upload.debug.xcconfig"; sourceTree = "<group>"; };
		47DF6019FECDD5CBC5FBF35D /* Pods-s3upload.release.xcconfig */ = {isa = PBXFileReference; includeInIndex = 1; lastKnownFileType = text.xcconfig; name = "Pods-s3upload.release.xcconfig"; path = "Target Support Files/Pods-s3upload/Pods-s3upload.release.xcconfig"; sourceTree = "<group>"; };
		7AC61CA72229AB1500B14F95 /* s3upload.app */ = {isa = PBXFileReference; explicitFileType = wrapper.application; includeInIndex = 0; path = s3upload.app; sourceTree = BUILT_PRODUCTS_DIR; };
		7AC61CAA2229AB1500B14F95 /* AppDelegate.swift */ = {isa = PBXFileReference; lastKnownFileType = sourcecode.swift; path = AppDelegate.swift; sourceTree = "<group>"; };
		7AC61CAC2229AB1500B14F95 /* ViewController.swift */ = {isa = PBXFileReference; lastKnownFileType = sourcecode.swift; path = ViewController.swift; sourceTree = "<group>"; };
		7AC61CAF2229AB1500B14F95 /* Base */ = {isa = PBXFileReference; lastKnownFileType = file.storyboard; name = Base; path = Base.lproj/Main.storyboard; sourceTree = "<group>"; };
		7AC61CB12229AB1700B14F95 /* Assets.xcassets */ = {isa = PBXFileReference; lastKnownFileType = folder.assetcatalog; path = Assets.xcassets; sourceTree = "<group>"; };
		7AC61CB42229AB1700B14F95 /* Base */ = {isa = PBXFileReference; lastKnownFileType = file.storyboard; name = Base; path = Base.lproj/LaunchScreen.storyboard; sourceTree = "<group>"; };
		7AC61CB62229AB1700B14F95 /* Info.plist */ = {isa = PBXFileReference; lastKnownFileType = text.plist.xml; path = Info.plist; sourceTree = "<group>"; };
		7AC61CC32229C8B300B14F95 /* httpUpload.swift */ = {isa = PBXFileReference; lastKnownFileType = sourcecode.swift; path = httpUpload.swift; sourceTree = "<group>"; };
		7AC61CC52229C8BF00B14F95 /* awsUpload.swift */ = {isa = PBXFileReference; lastKnownFileType = sourcecode.swift; path = awsUpload.swift; sourceTree = "<group>"; };
		C05606A76A4A5E72870076A6 /* Pods_s3upload.framework */ = {isa = PBXFileReference; explicitFileType = wrapper.framework; includeInIndex = 0; path = Pods_s3upload.framework; sourceTree = BUILT_PRODUCTS_DIR; };
/* End PBXFileReference section */

/* Begin PBXFrameworksBuildPhase section */
		7AC61CA42229AB1500B14F95 /* Frameworks */ = {
			isa = PBXFrameworksBuildPhase;
			buildActionMask = 2147483647;
			files = (
				AEDEEEE355433113DA96EE5E /* Pods_s3upload.framework in Frameworks */,
			);
			runOnlyForDeploymentPostprocessing = 0;
		};
/* End PBXFrameworksBuildPhase section */

/* Begin PBXGroup section */
		7AC61C9E2229AB1500B14F95 = {
			isa = PBXGroup;
			children = (
				7AC61CA92229AB1500B14F95 /* s3upload */,
				7AC61CA82229AB1500B14F95 /* Products */,
				FDDCF55F1FC6444EFDA9D256 /* Pods */,
				8440215591A32DF54F98828D /* Frameworks */,
			);
			sourceTree = "<group>";
		};
		7AC61CA82229AB1500B14F95 /* Products */ = {
			isa = PBXGroup;
			children = (
				7AC61CA72229AB1500B14F95 /* s3upload.app */,
			);
			name = Products;
			sourceTree = "<group>";
		};
		7AC61CA92229AB1500B14F95 /* s3upload */ = {
			isa = PBXGroup;
			children = (
				7AC61CAA2229AB1500B14F95 /* AppDelegate.swift */,
				7AC61CAC2229AB1500B14F95 /* ViewController.swift */,
				7AC61CC32229C8B300B14F95 /* httpUpload.swift */,
				7AC61CC52229C8BF00B14F95 /* awsUpload.swift */,
				7AC61CAE2229AB1500B14F95 /* Main.storyboard */,
				7AC61CB12229AB1700B14F95 /* Assets.xcassets */,
				7AC61CB32229AB1700B14F95 /* LaunchScreen.storyboard */,
				7AC61CB62229AB1700B14F95 /* Info.plist */,
			);
			path = s3upload;
			sourceTree = "<group>";
		};
		8440215591A32DF54F98828D /* Frameworks */ = {
			isa = PBXGroup;
			children = (
				C05606A76A4A5E72870076A6 /* Pods_s3upload.framework */,
			);
			name = Frameworks;
			sourceTree = "<group>";
		};
		FDDCF55F1FC6444EFDA9D256 /* Pods */ = {
			isa = PBXGroup;
			children = (
				2564D6FB094B379287F74B80 /* Pods-s3upload.debug.xcconfig */,
				47DF6019FECDD5CBC5FBF35D /* Pods-s3upload.release.xcconfig */,
			);
			path = Pods;
			sourceTree = "<group>";
		};
/* End PBXGroup section */

/* Begin PBXNativeTarget section */
		7AC61CA62229AB1500B14F95 /* s3upload */ = {
			isa = PBXNativeTarget;
			buildConfigurationList = 7AC61CB92229AB1700B14F95 /* Build configuration list for PBXNativeTarget "s3upload" */;
			buildPhases = (
				9573FB4787B12E8F81D8439E /* [CP] Check Pods Manifest.lock */,
				7AC61CA32229AB1500B14F95 /* Sources */,
				7AC61CA42229AB1500B14F95 /* Frameworks */,
				7AC61CA52229AB1500B14F95 /* Resources */,
				17160A67311A2E27D8C0608B /* [CP] Embed Pods Frameworks */,
			);
			buildRules = (
			);
			dependencies = (
			);
			name = s3upload;
			productName = s3upload;
			productReference = 7AC61CA72229AB1500B14F95 /* s3upload.app */;
			productType = "com.apple.product-type.application";
		};
/* End PBXNativeTarget section */

/* Begin PBXProject section */
		7AC61C9F2229AB1500B14F95 /* Project object */ = {
			isa = PBXProject;
			attributes = {
				LastSwiftUpdateCheck = 1010;
				LastUpgradeCheck = 1010;
				ORGANIZATIONNAME = "Vladimir Evdokimov";
				TargetAttributes = {
					7AC61CA62229AB1500B14F95 = {
						CreatedOnToolsVersion = 10.1;
					};
				};
			};
			buildConfigurationList = 7AC61CA22229AB1500B14F95 /* Build configuration list for PBXProject "s3upload" */;
			compatibilityVersion = "Xcode 9.3";
			developmentRegion = en;
			hasScannedForEncodings = 0;
			knownRegions = (
				en,
				Base,
			);
			mainGroup = 7AC61C9E2229AB1500B14F95;
			productRefGroup = 7AC61CA82229AB1500B14F95 /* Products */;
			projectDirPath = "";
			projectRoot = "";
			targets = (
				7AC61CA62229AB1500B14F95 /* s3upload */,
			);
		};
/* End PBXProject section */

/* Begin PBXResourcesBuildPhase section */
		7AC61CA52229AB1500B14F95 /* Resources */ = {
			isa = PBXResourcesBuildPhase;
			buildActionMask = 2147483647;
			files = (
				7AC61CB52229AB1700B14F95 /* LaunchScreen.storyboard in Resources */,
				7AC61CB22229AB1700B14F95 /* Assets.xcassets in Resources */,
				7AC61CB02229AB1500B14F95 /* Main.storyboard in Resources */,
			);
			runOnlyForDeploymentPostprocessing = 0;
		};
/* End PBXResourcesBuildPhase section */

/* Begin PBXShellScriptBuildPhase section */
		17160A67311A2E27D8C0608B /* [CP] Embed Pods Frameworks */ = {
			isa = PBXShellScriptBuildPhase;
			buildActionMask = 2147483647;
			files = (
			);
			inputFileListPaths = (
			);
			inputPaths = (
				"${PODS_ROOT}/Target Support Files/Pods-s3upload/Pods-s3upload-frameworks.sh",
				"${BUILT_PRODUCTS_DIR}/AWSCognito/AWSCognito.framework",
				"${BUILT_PRODUCTS_DIR}/AWSCore/AWSCore.framework",
				"${BUILT_PRODUCTS_DIR}/AWSS3/AWSS3.framework",
			);
			name = "[CP] Embed Pods Frameworks";
			outputFileListPaths = (
			);
			outputPaths = (
				"${TARGET_BUILD_DIR}/${FRAMEWORKS_FOLDER_PATH}/AWSCognito.framework",
				"${TARGET_BUILD_DIR}/${FRAMEWORKS_FOLDER_PATH}/AWSCore.framework",
				"${TARGET_BUILD_DIR}/${FRAMEWORKS_FOLDER_PATH}/AWSS3.framework",
			);
			runOnlyForDeploymentPostprocessing = 0;
			shellPath = /bin/sh;
			shellScript = "\"${PODS_ROOT}/Target Support Files/Pods-s3upload/Pods-s3upload-frameworks.sh\"\n";
			showEnvVarsInLog = 0;
		};
		9573FB4787B12E8F81D8439E /* [CP] Check Pods Manifest.lock */ = {
			isa = PBXShellScriptBuildPhase;
			buildActionMask = 2147483647;
			files = (
			);
			inputFileListPaths = (
			);
			inputPaths = (
				"${PODS_PODFILE_DIR_PATH}/Podfile.lock",
				"${PODS_ROOT}/Manifest.lock",
			);
			name = "[CP] Check Pods Manifest.lock";
			outputFileListPaths = (
			);
			outputPaths = (
				"$(DERIVED_FILE_DIR)/Pods-s3upload-checkManifestLockResult.txt",
			);
			runOnlyForDeploymentPostprocessing = 0;
			shellPath = /bin/sh;
			shellScript = "diff \"${PODS_PODFILE_DIR_PATH}/Podfile.lock\" \"${PODS_ROOT}/Manifest.lock\" > /dev/null\nif [ $? != 0 ] ; then\n    # print error to STDERR\n    echo \"error: The sandbox is not in sync with the Podfile.lock. Run 'pod install' or update your CocoaPods installation.\" >&2\n    exit 1\nfi\n# This output is used by Xcode 'outputs' to avoid re-running this script phase.\necho \"SUCCESS\" > \"${SCRIPT_OUTPUT_FILE_0}\"\n";
			showEnvVarsInLog = 0;
		};
/* End PBXShellScriptBuildPhase section */

/* Begin PBXSourcesBuildPhase section */
		7AC61CA32229AB1500B14F95 /* Sources */ = {
			isa = PBXSourcesBuildPhase;
			buildActionMask = 2147483647;
			files = (
				7AC61CAD2229AB1500B14F95 /* ViewController.swift in Sources */,
				7AC61CC42229C8B400B14F95 /* httpUpload.swift in Sources */,
				7AC61CC62229C8BF00B14F95 /* awsUpload.swift in Sources */,
				7AC61CAB2229AB1500B14F95 /* AppDelegate.swift in Sources */,
			);
			runOnlyForDeploymentPostprocessing = 0;
		};
/* End PBXSourcesBuildPhase section */

/* Begin PBXVariantGroup section */
		7AC61CAE2229AB1500B14F95 /* Main.storyboard */ = {
			isa = PBXVariantGroup;
			children = (
				7AC61CAF2229AB1500B14F95 /* Base */,
			);
			name = Main.storyboard;
			sourceTree = "<group>";
		};
		7AC61CB32229AB1700B14F95 /* LaunchScreen.storyboard */ = {
			isa = PBXVariantGroup;
			children = (
				7AC61CB42229AB1700B14F95 /* Base */,
			);
			name = LaunchScreen.storyboard;
			sourceTree = "<group>";
		};
/* End PBXVariantGroup section */

/* Begin XCBuildConfiguration section */
		7AC61CB72229AB1700B14F95 /* Debug */ = {
			isa = XCBuildConfiguration;
			buildSettings = {
				ALWAYS_SEARCH_USER_PATHS = NO;
				CLANG_ANALYZER_NONNULL = YES;
				CLANG_ANALYZER_NUMBER_OBJECT_CONVERSION = YES_AGGRESSIVE;
				CLANG_CXX_LANGUAGE_STANDARD = "gnu++14";
				CLANG_CXX_LIBRARY = "libc++";
				CLANG_ENABLE_MODULES = YES;
				CLANG_ENABLE_OBJC_ARC = YES;
				CLANG_ENABLE_OBJC_WEAK = YES;
				CLANG_WARN_BLOCK_CAPTURE_AUTORELEASING = YES;
				CLANG_WARN_BOOL_CONVERSION = YES;
				CLANG_WARN_COMMA = YES;
				CLANG_WARN_CONSTANT_CONVERSION = YES;
				CLANG_WARN_DEPRECATED_OBJC_IMPLEMENTATIONS = YES;
				CLANG_WARN_DIRECT_OBJC_ISA_USAGE = YES_ERROR;
				CLANG_WARN_DOCUMENTATION_COMMENTS = YES;
				CLANG_WARN_EMPTY_BODY = YES;
				CLANG_WARN_ENUM_CONVERSION = YES;
				CLANG_WARN_INFINITE_RECURSION = YES;
				CLANG_WARN_INT_CONVERSION = YES;
				CLANG_WARN_NON_LITERAL_NULL_CONVERSION = YES;
				CLANG_WARN_OBJC_IMPLICIT_RETAIN_SELF = YES;
				CLANG_WARN_OBJC_LITERAL_CONVERSION = YES;
				CLANG_WARN_OBJC_ROOT_CLASS = YES_ERROR;
				CLANG_WARN_RANGE_LOOP_ANALYSIS = YES;
				CLANG_WARN_STRICT_PROTOTYPES = YES;
				CLANG_WARN_SUSPICIOUS_MOVE = YES;
				CLANG_WARN_UNGUARDED_AVAILABILITY = YES_AGGRESSIVE;
				CLANG_WARN_UNREACHABLE_CODE = YES;
				CLANG_WARN__DUPLICATE_METHOD_MATCH = YES;
				CODE_SIGN_IDENTITY = "iPhone Developer";
				COPY_PHASE_STRIP = NO;
				DEBUG_INFORMATION_FORMAT = dwarf;
				ENABLE_STRICT_OBJC_MSGSEND = YES;
				ENABLE_TESTABILITY = YES;
				GCC_C_LANGUAGE_STANDARD = gnu11;
				GCC_DYNAMIC_NO_PIC = NO;
				GCC_NO_COMMON_BLOCKS = YES;
				GCC_OPTIMIZATION_LEVEL = 0;
				GCC_PREPROCESSOR_DEFINITIONS = (
					"DEBUG=1",
					"$(inherited)",
				);
				GCC_WARN_64_TO_32_BIT_CONVERSION = YES;
				GCC_WARN_ABOUT_RETURN_TYPE = YES_ERROR;
				GCC_WARN_UNDECLARED_SELECTOR = YES;
				GCC_WARN_UNINITIALIZED_AUTOS = YES_AGGRESSIVE;
				GCC_WARN_UNUSED_FUNCTION = YES;
				GCC_WARN_UNUSED_VARIABLE = YES;
				IPHONEOS_DEPLOYMENT_TARGET = 12.1;
				MTL_ENABLE_DEBUG_INFO = INCLUDE_SOURCE;
				MTL_FAST_MATH = YES;
				ONLY_ACTIVE_ARCH = YES;
				SDKROOT = iphoneos;
				SWIFT_ACTIVE_COMPILATION_CONDITIONS = DEBUG;
				SWIFT_OPTIMIZATION_LEVEL = "-Onone";
			};
			name = Debug;
		};
		7AC61CB82229AB1700B14F95 /* Release */ = {
			isa = XCBuildConfiguration;
			buildSettings = {
				ALWAYS_SEARCH_USER_PATHS = NO;
				CLANG_ANALYZER_NONNULL = YES;
				CLANG_ANALYZER_NUMBER_OBJECT_CONVERSION = YES_AGGRESSIVE;
				CLANG_CXX_LANGUAGE_STANDARD = "gnu++14";
				CLANG_CXX_LIBRARY = "libc++";
				CLANG_ENABLE_MODULES = YES;
				CLANG_ENABLE_OBJC_ARC = YES;
				CLANG_ENABLE_OBJC_WEAK = YES;
				CLANG_WARN_BLOCK_CAPTURE_AUTORELEASING = YES;
				CLANG_WARN_BOOL_CONVERSION = YES;
				CLANG_WARN_COMMA = YES;
				CLANG_WARN_CONSTANT_CONVERSION = YES;
				CLANG_WARN_DEPRECATED_OBJC_IMPLEMENTATIONS = YES;
				CLANG_WARN_DIRECT_OBJC_ISA_USAGE = YES_ERROR;
				CLANG_WARN_DOCUMENTATION_COMMENTS = YES;
				CLANG_WARN_EMPTY_BODY = YES;
				CLANG_WARN_ENUM_CONVERSION = YES;
				CLANG_WARN_INFINITE_RECURSION = YES;
				CLANG_WARN_INT_CONVERSION = YES;
				CLANG_WARN_NON_LITERAL_NULL_CONVERSION = YES;
				CLANG_WARN_OBJC_IMPLICIT_RETAIN_SELF = YES;
				CLANG_WARN_OBJC_LITERAL_CONVERSION = YES;
				CLANG_WARN_OBJC_ROOT_CLASS = YES_ERROR;
				CLANG_WARN_RANGE_LOOP_ANALYSIS = YES;
				CLANG_WARN_STRICT_PROTOTYPES = YES;
				CLANG_WARN_SUSPICIOUS_MOVE = YES;
				CLANG_WARN_UNGUARDED_AVAILABILITY = YES_AGGRESSIVE;
				CLANG_WARN_UNREACHABLE_CODE = YES;
				CLANG_WARN__DUPLICATE_METHOD_MATCH = YES;
				CODE_SIGN_IDENTITY = "iPhone Developer";
				COPY_PHASE_STRIP = NO;
				DEBUG_INFORMATION_FORMAT = "dwarf-with-dsym";
				ENABLE_NS_ASSERTIONS = NO;
				ENABLE_STRICT_OBJC_MSGSEND = YES;
				GCC_C_LANGUAGE_STANDARD = gnu11;
				GCC_NO_COMMON_BLOCKS = YES;
				GCC_WARN_64_TO_32_BIT_CONVERSION = YES;
				GCC_WARN_ABOUT_RETURN_TYPE = YES_ERROR;
				GCC_WARN_UNDECLARED_SELECTOR = YES;
				GCC_WARN_UNINITIALIZED_AUTOS = YES_AGGRESSIVE;
				GCC_WARN_UNUSED_FUNCTION = YES;
				GCC_WARN_UNUSED_VARIABLE = YES;
				IPHONEOS_DEPLOYMENT_TARGET = 12.1;
				MTL_ENABLE_DEBUG_INFO = NO;
				MTL_FAST_MATH = YES;
				SDKROOT = iphoneos;
				SWIFT_COMPILATION_MODE = wholemodule;
				SWIFT_OPTIMIZATION_LEVEL = "-O";
				VALIDATE_PRODUCT = YES;
			};
			name = Release;
		};
		7AC61CBA2229AB1700B14F95 /* Debug */ = {
			isa = XCBuildConfiguration;
			baseConfigurationReference = 2564D6FB094B379287F74B80 /* Pods-s3upload.debug.xcconfig */;
			buildSettings = {
				ASSETCATALOG_COMPILER_APPICON_NAME = AppIcon;
				CODE_SIGN_STYLE = Automatic;
				DEVELOPMENT_TEAM = 675DXBFCG8;
				INFOPLIST_FILE = s3upload/Info.plist;
				LD_RUNPATH_SEARCH_PATHS = (
					"$(inherited)",
					"@executable_path/Frameworks",
				);
				PRODUCT_BUNDLE_IDENTIFIER = RootHome.s3upload;
				PRODUCT_NAME = "$(TARGET_NAME)";
				SWIFT_VERSION = 4.2;
				TARGETED_DEVICE_FAMILY = "1,2";
			};
			name = Debug;
		};
		7AC61CBB2229AB1700B14F95 /* Release */ = {
			isa = XCBuildConfiguration;
			baseConfigurationReference = 47DF6019FECDD5CBC5FBF35D /* Pods-s3upload.release.xcconfig */;
			buildSettings = {
				ASSETCATALOG_COMPILER_APPICON_NAME = AppIcon;
				CODE_SIGN_STYLE = Automatic;
				DEVELOPMENT_TEAM = 675DXBFCG8;
				INFOPLIST_FILE = s3upload/Info.plist;
				LD_RUNPATH_SEARCH_PATHS = (
					"$(inherited)",
					"@executable_path/Frameworks",
				);
				PRODUCT_BUNDLE_IDENTIFIER = RootHome.s3upload;
				PRODUCT_NAME = "$(TARGET_NAME)";
				SWIFT_VERSION = 4.2;
				TARGETED_DEVICE_FAMILY = "1,2";
			};
			name = Release;
		};
/* End XCBuildConfiguration section */

/* Begin XCConfigurationList section */
		7AC61CA22229AB1500B14F95 /* Build configuration list for PBXProject "s3upload" */ = {
			isa = XCConfigurationList;
			buildConfigurations = (
				7AC61CB72229AB1700B14F95 /* Debug */,
				7AC61CB82229AB1700B14F95 /* Release */,
			);
			defaultConfigurationIsVisible = 0;
			defaultConfigurationName = Release;
		};
		7AC61CB92229AB1700B14F95 /* Build configuration list for PBXNativeTarget "s3upload" */ = {
			isa = XCConfigurationList;
			buildConfigurations = (
				7AC61CBA2229AB1700B14F95 /* Debug */,
				7AC61CBB2229AB1700B14F95 /* Release */,
			);
			defaultConfigurationIsVisible = 0;
			defaultConfigurationName = Release;
		};
/* End XCConfigurationList section */
	};
	rootObject = 7AC61C9F2229AB1500B14F95 /* Project object */;
}
